dependencies:
- name: postgresql
  repository: https://charts.bitnami.com/bitnami
  version: 15.5.20
- name: grafana
  repository: https://charts.bitnami.com/bitnami
  version: 11.3.14
digest: sha256:2b942a35fb3869966ef933ede41415752520fc311135e5e5014fe1a748a39327
generated: "2024-08-09T18:16:14.9563736+03:00"
